// !$*UTF8*$!
{
	archiveVersion = 1;
	classes = {
	};
	objectVersion = 56;
	objects = {

/* Begin PBXBuildFile section */
		BA79314D2A6BDFAC003D2C29 /* SF-Pro-Display-LightItalic.ttf in Resources */ = {isa = PBXBuildFile; fileRef = BA79314C2A6BDFAC003D2C29 /* SF-Pro-Display-LightItalic.ttf */; };
		BA79314F2A6BE003003D2C29 /* SF-Pro-Display-Regular.ttf in Resources */ = {isa = PBXBuildFile; fileRef = BA79314E2A6BE002003D2C29 /* SF-Pro-Display-Regular.ttf */; };
		BAD463312A69364A00950B25 /* WeatherAppApp.swift in Sources */ = {isa = PBXBuildFile; fileRef = BAD463302A69364A00950B25 /* WeatherAppApp.swift */; };
		BAD463332A69364A00950B25 /* WeatherView.swift in Sources */ = {isa = PBXBuildFile; fileRef = BAD463322A69364A00950B25 /* WeatherView.swift */; };
		BAD463352A69364D00950B25 /* Assets.xcassets in Resources */ = {isa = PBXBuildFile; fileRef = BAD463342A69364D00950B25 /* Assets.xcassets */; };
		BAD463382A69364E00950B25 /* Preview Assets.xcassets in Resources */ = {isa = PBXBuildFile; fileRef = BAD463372A69364E00950B25 /* Preview Assets.xcassets */; };
		BAD463422A693F5B00950B25 /* WeatherModel.swift in Sources */ = {isa = PBXBuildFile; fileRef = BAD463412A693F5B00950B25 /* WeatherModel.swift */; };
		BAD463442A69418900950B25 /* WeatherViewModel.swift in Sources */ = {isa = PBXBuildFile; fileRef = BAD463432A69418900950B25 /* WeatherViewModel.swift */; };
		BAD463472A694CB300950B25 /* WeatherErrors.swift in Sources */ = {isa = PBXBuildFile; fileRef = BAD463462A694CB300950B25 /* WeatherErrors.swift */; };
		BAD4634A2A69640F00950B25 /* WeatherRepository.swift in Sources */ = {isa = PBXBuildFile; fileRef = BAD463492A69640F00950B25 /* WeatherRepository.swift */; };
		BAD4634D2A69640F00950B25 /* WeatherApiRepository.swift in Sources */ = {isa = PBXBuildFile; fileRef = BAD4634C2A69640F00950B25 /* WeatherApiRepository.swift */; };
		BAD4634F2A69640F00950B25 /* WeatherFakeApiRepository.swift in Sources */ = {isa = PBXBuildFile; fileRef = BAD4634E2A69640F00950B25 /* WeatherFakeApiRepository.swift */; };
/* End PBXBuildFile section */

/* Begin PBXFileReference section */
		BA79314B2A6BDECD003D2C29 /* Info.plist */ = {isa = PBXFileReference; lastKnownFileType = text.plist; path = Info.plist; sourceTree = "<group>"; };
		BA79314C2A6BDFAC003D2C29 /* SF-Pro-Display-LightItalic.ttf */ = {isa = PBXFileReference; lastKnownFileType = file; path = "SF-Pro-Display-LightItalic.ttf"; sourceTree = "<group>"; };
		BA79314E2A6BE002003D2C29 /* SF-Pro-Display-Regular.ttf */ = {isa = PBXFileReference; lastKnownFileType = file; path = "SF-Pro-Display-Regular.ttf"; sourceTree = "<group>"; };
		BAD4632D2A69364A00950B25 /* WeatherApp.app */ = {isa = PBXFileReference; explicitFileType = wrapper.application; includeInIndex = 0; path = WeatherApp.app; sourceTree = BUILT_PRODUCTS_DIR; };
		BAD463302A69364A00950B25 /* WeatherAppApp.swift */ = {isa = PBXFileReference; lastKnownFileType = sourcecode.swift; path = WeatherAppApp.swift; sourceTree = "<group>"; };
		BAD463322A69364A00950B25 /* WeatherView.swift */ = {isa = PBXFileReference; lastKnownFileType = sourcecode.swift; path = WeatherView.swift; sourceTree = "<group>"; };
		BAD463342A69364D00950B25 /* Assets.xcassets */ = {isa = PBXFileReference; lastKnownFileType = folder.assetcatalog; path = Assets.xcassets; sourceTree = "<group>"; };
		BAD463372A69364E00950B25 /* Preview Assets.xcassets */ = {isa = PBXFileReference; lastKnownFileType = folder.assetcatalog; path = "Preview Assets.xcassets"; sourceTree = "<group>"; };
		BAD463412A693F5B00950B25 /* WeatherModel.swift */ = {isa = PBXFileReference; lastKnownFileType = sourcecode.swift; path = WeatherModel.swift; sourceTree = "<group>"; };
		BAD463432A69418900950B25 /* WeatherViewModel.swift */ = {isa = PBXFileReference; lastKnownFileType = sourcecode.swift; path = WeatherViewModel.swift; sourceTree = "<group>"; };
		BAD463462A694CB300950B25 /* WeatherErrors.swift */ = {isa = PBXFileReference; lastKnownFileType = sourcecode.swift; path = WeatherErrors.swift; sourceTree = "<group>"; };
		BAD463492A69640F00950B25 /* WeatherRepository.swift */ = {isa = PBXFileReference; lastKnownFileType = sourcecode.swift; path = WeatherRepository.swift; sourceTree = "<group>"; };
		BAD4634C2A69640F00950B25 /* WeatherApiRepository.swift */ = {isa = PBXFileReference; lastKnownFileType = sourcecode.swift; path = WeatherApiRepository.swift; sourceTree = "<group>"; };
		BAD4634E2A69640F00950B25 /* WeatherFakeApiRepository.swift */ = {isa = PBXFileReference; lastKnownFileType = sourcecode.swift; path = WeatherFakeApiRepository.swift; sourceTree = "<group>"; };
/* End PBXFileReference section */

/* Begin PBXFrameworksBuildPhase section */
		BAD4632A2A69364A00950B25 /* Frameworks */ = {
			isa = PBXFrameworksBuildPhase;
			buildActionMask = 2147483647;
			files = (
			);
			runOnlyForDeploymentPostprocessing = 0;
		};
/* End PBXFrameworksBuildPhase section */

/* Begin PBXGroup section */
		BA7931382A6BD69B003D2C29 /* Fonts */ = {
			isa = PBXGroup;
			children = (
				BA79314C2A6BDFAC003D2C29 /* SF-Pro-Display-LightItalic.ttf */,
				BA79314E2A6BE002003D2C29 /* SF-Pro-Display-Regular.ttf */,
			);
			path = Fonts;
			sourceTree = "<group>";
		};
		BAD463242A69364A00950B25 = {
			isa = PBXGroup;
			children = (
				BAD4632F2A69364A00950B25 /* WeatherApp */,
				BAD4632E2A69364A00950B25 /* Products */,
			);
			sourceTree = "<group>";
		};
		BAD4632E2A69364A00950B25 /* Products */ = {
			isa = PBXGroup;
			children = (
				BAD4632D2A69364A00950B25 /* WeatherApp.app */,
			);
			name = Products;
			sourceTree = "<group>";
		};
		BAD4632F2A69364A00950B25 /* WeatherApp */ = {
			isa = PBXGroup;
			children = (
				BA79314B2A6BDECD003D2C29 /* Info.plist */,
				BA7931382A6BD69B003D2C29 /* Fonts */,
				BAD463482A69640F00950B25 /* Repositories */,
				BAD463452A694C6E00950B25 /* Utilities */,
				BAD463402A693BDD00950B25 /* Views */,
				BAD4633F2A693BCF00950B25 /* ViewModels */,
				BAD4633E2A693BC300950B25 /* Models */,
				BAD463302A69364A00950B25 /* WeatherAppApp.swift */,
				BAD463342A69364D00950B25 /* Assets.xcassets */,
				BAD463362A69364E00950B25 /* Preview Content */,
			);
			path = WeatherApp;
			sourceTree = "<group>";
		};
		BAD463362A69364E00950B25 /* Preview Content */ = {
			isa = PBXGroup;
			children = (
				BAD463372A69364E00950B25 /* Preview Assets.xcassets */,
			);
			path = "Preview Content";
			sourceTree = "<group>";
		};
		BAD4633E2A693BC300950B25 /* Models */ = {
			isa = PBXGroup;
			children = (
				BAD463412A693F5B00950B25 /* WeatherModel.swift */,
			);
			path = Models;
			sourceTree = "<group>";
		};
		BAD4633F2A693BCF00950B25 /* ViewModels */ = {
			isa = PBXGroup;
			children = (
				BAD463462A694CB300950B25 /* WeatherErrors.swift */,
				BAD463432A69418900950B25 /* WeatherViewModel.swift */,
			);
			path = ViewModels;
			sourceTree = "<group>";
		};
		BAD463402A693BDD00950B25 /* Views */ = {
			isa = PBXGroup;
			children = (
				BAD463322A69364A00950B25 /* WeatherView.swift */,
			);
			path = Views;
			sourceTree = "<group>";
		};
		BAD463452A694C6E00950B25 /* Utilities */ = {
			isa = PBXGroup;
			children = (
			);
			path = Utilities;
			sourceTree = "<group>";
		};
		BAD463482A69640F00950B25 /* Repositories */ = {
			isa = PBXGroup;
			children = (
				BAD463492A69640F00950B25 /* WeatherRepository.swift */,
				BAD4634C2A69640F00950B25 /* WeatherApiRepository.swift */,
				BAD4634E2A69640F00950B25 /* WeatherFakeApiRepository.swift */,
			);
			path = Repositories;
			sourceTree = "<group>";
		};
/* End PBXGroup section */

/* Begin PBXNativeTarget section */
		BAD4632C2A69364A00950B25 /* WeatherApp */ = {
			isa = PBXNativeTarget;
			buildConfigurationList = BAD4633B2A69364E00950B25 /* Build configuration list for PBXNativeTarget "WeatherApp" */;
			buildPhases = (
				BAD463292A69364A00950B25 /* Sources */,
				BAD4632A2A69364A00950B25 /* Frameworks */,
				BAD4632B2A69364A00950B25 /* Resources */,
			);
			buildRules = (
			);
			dependencies = (
			);
			name = WeatherApp;
			productName = WeatherApp;
			productReference = BAD4632D2A69364A00950B25 /* WeatherApp.app */;
			productType = "com.apple.product-type.application";
		};
/* End PBXNativeTarget section */

/* Begin PBXProject section */
		BAD463252A69364A00950B25 /* Project object */ = {
			isa = PBXProject;
			attributes = {
				BuildIndependentTargetsInParallel = 1;
				LastSwiftUpdateCheck = 1430;
				LastUpgradeCheck = 1430;
				TargetAttributes = {
					BAD4632C2A69364A00950B25 = {
						CreatedOnToolsVersion = 14.3.1;
					};
				};
			};
			buildConfigurationList = BAD463282A69364A00950B25 /* Build configuration list for PBXProject "WeatherApp" */;
			compatibilityVersion = "Xcode 14.0";
			developmentRegion = en;
			hasScannedForEncodings = 0;
			knownRegions = (
				en,
				Base,
			);
			mainGroup = BAD463242A69364A00950B25;
			productRefGroup = BAD4632E2A69364A00950B25 /* Products */;
			projectDirPath = "";
			projectRoot = "";
			targets = (
				BAD4632C2A69364A00950B25 /* WeatherApp */,
			);
		};
/* End PBXProject section */

/* Begin PBXResourcesBuildPhase section */
		BAD4632B2A69364A00950B25 /* Resources */ = {
			isa = PBXResourcesBuildPhase;
			buildActionMask = 2147483647;
			files = (
				BA79314D2A6BDFAC003D2C29 /* SF-Pro-Display-LightItalic.ttf in Resources */,
				BAD463382A69364E00950B25 /* Preview Assets.xcassets in Resources */,
				BAD463352A69364D00950B25 /* Assets.xcassets in Resources */,
				BA79314F2A6BE003003D2C29 /* SF-Pro-Display-Regular.ttf in Resources */,
			);
			runOnlyForDeploymentPostprocessing = 0;
		};
/* End PBXResourcesBuildPhase section */

/* Begin PBXSourcesBuildPhase section */
		BAD463292A69364A00950B25 /* Sources */ = {
			isa = PBXSourcesBuildPhase;
			buildActionMask = 2147483647;
			files = (
				BAD4634A2A69640F00950B25 /* WeatherRepository.swift in Sources */,
				BAD463472A694CB300950B25 /* WeatherErrors.swift in Sources */,
				BAD4634F2A69640F00950B25 /* WeatherFakeApiRepository.swift in Sources */,
				BAD463332A69364A00950B25 /* WeatherView.swift in Sources */,
				BAD463442A69418900950B25 /* WeatherViewModel.swift in Sources */,
				BAD463422A693F5B00950B25 /* WeatherModel.swift in Sources */,
				BAD463312A69364A00950B25 /* WeatherAppApp.swift in Sources */,
				BAD4634D2A69640F00950B25 /* WeatherApiRepository.swift in Sources */,
			);
			runOnlyForDeploymentPostprocessing = 0;
		};
/* End PBXSourcesBuildPhase section */

/* Begin XCBuildConfiguration section */
		BAD463392A69364E00950B25 /* Debug */ = {
			isa = XCBuildConfiguration;
			buildSettings = {
				ALWAYS_SEARCH_USER_PATHS = NO;
				CLANG_ANALYZER_NONNULL = YES;
				CLANG_ANALYZER_NUMBER_OBJECT_CONVERSION = YES_AGGRESSIVE;
				CLANG_CXX_LANGUAGE_STANDARD = "gnu++20";
				CLANG_ENABLE_MODULES = YES;
				CLANG_ENABLE_OBJC_ARC = YES;
				CLANG_ENABLE_OBJC_WEAK = YES;
				CLANG_WARN_BLOCK_CAPTURE_AUTORELEASING = YES;
				CLANG_WARN_BOOL_CONVERSION = YES;
				CLANG_WARN_COMMA = YES;
				CLANG_WARN_CONSTANT_CONVERSION = YES;
				CLANG_WARN_DEPRECATED_OBJC_IMPLEMENTATIONS = YES;
				CLANG_WARN_DIRECT_OBJC_ISA_USAGE = YES_ERROR;
				CLANG_WARN_DOCUMENTATION_COMMENTS = YES;
				CLANG_WARN_EMPTY_BODY = YES;
				CLANG_WARN_ENUM_CONVERSION = YES;
				CLANG_WARN_INFINITE_RECURSION = YES;
				CLANG_WARN_INT_CONVERSION = YES;
				CLANG_WARN_NON_LITERAL_NULL_CONVERSION = YES;
				CLANG_WARN_OBJC_IMPLICIT_RETAIN_SELF = YES;
				CLANG_WARN_OBJC_LITERAL_CONVERSION = YES;
				CLANG_WARN_OBJC_ROOT_CLASS = YES_ERROR;
				CLANG_WARN_QUOTED_INCLUDE_IN_FRAMEWORK_HEADER = YES;
				CLANG_WARN_RANGE_LOOP_ANALYSIS = YES;
				CLANG_WARN_STRICT_PROTOTYPES = YES;
				CLANG_WARN_SUSPICIOUS_MOVE = YES;
				CLANG_WARN_UNGUARDED_AVAILABILITY = YES_AGGRESSIVE;
				CLANG_WARN_UNREACHABLE_CODE = YES;
				CLANG_WARN__DUPLICATE_METHOD_MATCH = YES;
				COPY_PHASE_STRIP = NO;
				DEBUG_INFORMATION_FORMAT = dwarf;
				ENABLE_STRICT_OBJC_MSGSEND = YES;
				ENABLE_TESTABILITY = YES;
				GCC_C_LANGUAGE_STANDARD = gnu11;
				GCC_DYNAMIC_NO_PIC = NO;
				GCC_NO_COMMON_BLOCKS = YES;
				GCC_OPTIMIZATION_LEVEL = 0;
				GCC_PREPROCESSOR_DEFINITIONS = (
					"DEBUG=1",
					"$(inherited)",
				);
				GCC_WARN_64_TO_32_BIT_CONVERSION = YES;
				GCC_WARN_ABOUT_RETURN_TYPE = YES_ERROR;
				GCC_WARN_UNDECLARED_SELECTOR = YES;
				GCC_WARN_UNINITIALIZED_AUTOS = YES_AGGRESSIVE;
				GCC_WARN_UNUSED_FUNCTION = YES;
				GCC_WARN_UNUSED_VARIABLE = YES;
				IPHONEOS_DEPLOYMENT_TARGET = 16.4;
				MTL_ENABLE_DEBUG_INFO = INCLUDE_SOURCE;
				MTL_FAST_MATH = YES;
				ONLY_ACTIVE_ARCH = YES;
				SDKROOT = iphoneos;
				SWIFT_ACTIVE_COMPILATION_CONDITIONS = DEBUG;
				SWIFT_OPTIMIZATION_LEVEL = "-Onone";
			};
			name = Debug;
		};
		BAD4633A2A69364E00950B25 /* Release */ = {
			isa = XCBuildConfiguration;
			buildSettings = {
				ALWAYS_SEARCH_USER_PATHS = NO;
				CLANG_ANALYZER_NONNULL = YES;
				CLANG_ANALYZER_NUMBER_OBJECT_CONVERSION = YES_AGGRESSIVE;
				CLANG_CXX_LANGUAGE_STANDARD = "gnu++20";
				CLANG_ENABLE_MODULES = YES;
				CLANG_ENABLE_OBJC_ARC = YES;
				CLANG_ENABLE_OBJC_WEAK = YES;
				CLANG_WARN_BLOCK_CAPTURE_AUTORELEASING = YES;
				CLANG_WARN_BOOL_CONVERSION = YES;
				CLANG_WARN_COMMA = YES;
				CLANG_WARN_CONSTANT_CONVERSION = YES;
				CLANG_WARN_DEPRECATED_OBJC_IMPLEMENTATIONS = YES;
				CLANG_WARN_DIRECT_OBJC_ISA_USAGE = YES_ERROR;
				CLANG_WARN_DOCUMENTATION_COMMENTS = YES;
				CLANG_WARN_EMPTY_BODY = YES;
				CLANG_WARN_ENUM_CONVERSION = YES;
				CLANG_WARN_INFINITE_RECURSION = YES;
				CLANG_WARN_INT_CONVERSION = YES;
				CLANG_WARN_NON_LITERAL_NULL_CONVERSION = YES;
				CLANG_WARN_OBJC_IMPLICIT_RETAIN_SELF = YES;
				CLANG_WARN_OBJC_LITERAL_CONVERSION = YES;
				CLANG_WARN_OBJC_ROOT_CLASS = YES_ERROR;
				CLANG_WARN_QUOTED_INCLUDE_IN_FRAMEWORK_HEADER = YES;
				CLANG_WARN_RANGE_LOOP_ANALYSIS = YES;
				CLANG_WARN_STRICT_PROTOTYPES = YES;
				CLANG_WARN_SUSPICIOUS_MOVE = YES;
				CLANG_WARN_UNGUARDED_AVAILABILITY = YES_AGGRESSIVE;
				CLANG_WARN_UNREACHABLE_CODE = YES;
				CLANG_WARN__DUPLICATE_METHOD_MATCH = YES;
				COPY_PHASE_STRIP = NO;
				DEBUG_INFORMATION_FORMAT = "dwarf-with-dsym";
				ENABLE_NS_ASSERTIONS = NO;
				ENABLE_STRICT_OBJC_MSGSEND = YES;
				GCC_C_LANGUAGE_STANDARD = gnu11;
				GCC_NO_COMMON_BLOCKS = YES;
				GCC_WARN_64_TO_32_BIT_CONVERSION = YES;
				GCC_WARN_ABOUT_RETURN_TYPE = YES_ERROR;
				GCC_WARN_UNDECLARED_SELECTOR = YES;
				GCC_WARN_UNINITIALIZED_AUTOS = YES_AGGRESSIVE;
				GCC_WARN_UNUSED_FUNCTION = YES;
				GCC_WARN_UNUSED_VARIABLE = YES;
				IPHONEOS_DEPLOYMENT_TARGET = 16.4;
				MTL_ENABLE_DEBUG_INFO = NO;
				MTL_FAST_MATH = YES;
				SDKROOT = iphoneos;
				SWIFT_COMPILATION_MODE = wholemodule;
				SWIFT_OPTIMIZATION_LEVEL = "-O";
				VALIDATE_PRODUCT = YES;
			};
			name = Release;
		};
		BAD4633C2A69364E00950B25 /* Debug */ = {
			isa = XCBuildConfiguration;
			buildSettings = {
				ASSETCATALOG_COMPILER_APPICON_NAME = AppIcon;
				ASSETCATALOG_COMPILER_GLOBAL_ACCENT_COLOR_NAME = AccentColor;
				CODE_SIGN_STYLE = Automatic;
				CURRENT_PROJECT_VERSION = 1;
				DEVELOPMENT_ASSET_PATHS = "\"WeatherApp/Preview Content\"";
				ENABLE_PREVIEWS = YES;
				GENERATE_INFOPLIST_FILE = YES;
				INFOPLIST_FILE = WeatherApp/Info.plist;
				INFOPLIST_KEY_LSApplicationCategoryType = "";
				INFOPLIST_KEY_UIApplicationSceneManifest_Generation = YES;
				INFOPLIST_KEY_UIApplicationSupportsIndirectInputEvents = YES;
				INFOPLIST_KEY_UILaunchScreen_Generation = YES;
				INFOPLIST_KEY_UISupportedInterfaceOrientations_iPad = "UIInterfaceOrientationPortrait UIInterfaceOrientationPortraitUpsideDown UIInterfaceOrientationLandscapeLeft UIInterfaceOrientationLandscapeRight";
				INFOPLIST_KEY_UISupportedInterfaceOrientations_iPhone = "UIInterfaceOrientationPortrait UIInterfaceOrientationLandscapeLeft UIInterfaceOrientationLandscapeRight";
				LD_RUNPATH_SEARCH_PATHS = (
					"$(inherited)",
					"@executable_path/Frameworks",
				);
				MARKETING_VERSION = 1.0;
				PRODUCT_BUNDLE_IDENTIFIER = com.muhammadmuzamal.WeatherApp;
				PRODUCT_NAME = "$(TARGET_NAME)";
				SWIFT_EMIT_LOC_STRINGS = YES;
				SWIFT_VERSION = 5.0;
				TARGETED_DEVICE_FAMILY = "1,2";
			};
			name = Debug;
		};
		BAD4633D2A69364E00950B25 /* Release */ = {
			isa = XCBuildConfiguration;
			buildSettings = {
				ASSETCATALOG_COMPILER_APPICON_NAME = AppIcon;
				ASSETCATALOG_COMPILER_GLOBAL_ACCENT_COLOR_NAME = AccentColor;
				CODE_SIGN_STYLE = Automatic;
				CURRENT_PROJECT_VERSION = 1;
				DEVELOPMENT_ASSET_PATHS = "\"WeatherApp/Preview Content\"";
				ENABLE_PREVIEWS = YES;
				GENERATE_INFOPLIST_FILE = YES;
				INFOPLIST_FILE = WeatherApp/Info.plist;
				INFOPLIST_KEY_LSApplicationCategoryType = "";
				INFOPLIST_KEY_UIApplicationSceneManifest_Generation = YES;
				INFOPLIST_KEY_UIApplicationSupportsIndirectInputEvents = YES;
				INFOPLIST_KEY_UILaunchScreen_Generation = YES;
				INFOPLIST_KEY_UISupportedInterfaceOrientations_iPad = "UIInterfaceOrientationPortrait UIInterfaceOrientationPortraitUpsideDown UIInterfaceOrientationLandscapeLeft UIInterfaceOrientationLandscapeRight";
				INFOPLIST_KEY_UISupportedInterfaceOrientations_iPhone = "UIInterfaceOrientationPortrait UIInterfaceOrientationLandscapeLeft UIInterfaceOrientationLandscapeRight";
				LD_RUNPATH_SEARCH_PATHS = (
					"$(inherited)",
					"@executable_path/Frameworks",
				);
				MARKETING_VERSION = 1.0;
				PRODUCT_BUNDLE_IDENTIFIER = com.muhammadmuzamal.WeatherApp;
				PRODUCT_NAME = "$(TARGET_NAME)";
				SWIFT_EMIT_LOC_STRINGS = YES;
				SWIFT_VERSION = 5.0;
				TARGETED_DEVICE_FAMILY = "1,2";
			};
			name = Release;
		};
/* End XCBuildConfiguration section */

/* Begin XCConfigurationList section */
		BAD463282A69364A00950B25 /* Build configuration list for PBXProject "WeatherApp" */ = {
			isa = XCConfigurationList;
			buildConfigurations = (
				BAD463392A69364E00950B25 /* Debug */,
				BAD4633A2A69364E00950B25 /* Release */,
			);
			defaultConfigurationIsVisible = 0;
			defaultConfigurationName = Release;
		};
		BAD4633B2A69364E00950B25 /* Build configuration list for PBXNativeTarget "WeatherApp" */ = {
			isa = XCConfigurationList;
			buildConfigurations = (
				BAD4633C2A69364E00950B25 /* Debug */,
				BAD4633D2A69364E00950B25 /* Release */,
			);
			defaultConfigurationIsVisible = 0;
			defaultConfigurationName = Release;
		};
/* End XCConfigurationList section */
	};
	rootObject = BAD463252A69364A00950B25 /* Project object */;
}
